
Microsoft Visual Studio Solution File, Format Version 12.00
# Visual Studio Version 16
VisualStudioVersion = 16.0.31829.152
MinimumVisualStudioVersion = 10.0.40219.1
Project("{FAE04EC0-301F-11D3-BF4B-00C04F79EFBC}") = "ArrayTask9", "ArrayTask9.csproj", "{F4098D7A-FA3F-4FD5-BAA4-4099B556D78A}"
EndProject
Global
	GlobalSection(SolutionConfigurationPlatforms) = preSolution
		Debug|Any CPU = Debug|Any CPU
		Release|Any CPU = Release|Any CPU
	EndGlobalSection
	GlobalSection(ProjectConfigurationPlatforms) = postSolution
		{F4098D7A-FA3F-4FD5-BAA4-4099B556D78A}.Debug|Any CPU.ActiveCfg = Debug|Any CPU
		{F4098D7A-FA3F-4FD5-BAA4-4099B556D78A}.Debug|Any CPU.Build.0 = Debug|Any CPU
		{F4098D7A-FA3F-4FD5-BAA4-4099B556D78A}.Release|Any CPU.ActiveCfg = Release|Any CPU
		{F4098D7A-FA3F-4FD5-BAA4-4099B556D78A}.Release|Any CPU.Build.0 = Release|Any CPU
	EndGlobalSection
	GlobalSection(SolutionProperties) = preSolution
		HideSolutionNode = FALSE
	EndGlobalSection
	GlobalSection(ExtensibilityGlobals) = postSolution
		SolutionGuid = {E5D10AA4-FC21-40AA-B1D3-56B19E130B98}
	EndGlobalSection
EndGlobal
