
Microsoft Visual Studio Solution File, Format Version 12.00
# Visual Studio Version 16
VisualStudioVersion = 16.0.31829.152
MinimumVisualStudioVersion = 10.0.40219.1
Project("{8BC9CEB8-8B4A-11D0-8D11-00A0C91BC942}") = "StringTask9", "StringTask9.vcxproj", "{8383B4DF-6934-499E-8CB5-7410A86AE70F}"
EndProject
Global
	GlobalSection(SolutionConfigurationPlatforms) = preSolution
		Debug|x64 = Debug|x64
		Debug|x86 = Debug|x86
		Release|x64 = Release|x64
		Release|x86 = Release|x86
	EndGlobalSection
	GlobalSection(ProjectConfigurationPlatforms) = postSolution
		{8383B4DF-6934-499E-8CB5-7410A86AE70F}.Debug|x64.ActiveCfg = Debug|x64
		{8383B4DF-6934-499E-8CB5-7410A86AE70F}.Debug|x64.Build.0 = Debug|x64
		{8383B4DF-6934-499E-8CB5-7410A86AE70F}.Debug|x86.ActiveCfg = Debug|Win32
		{8383B4DF-6934-499E-8CB5-7410A86AE70F}.Debug|x86.Build.0 = Debug|Win32
		{8383B4DF-6934-499E-8CB5-7410A86AE70F}.Release|x64.ActiveCfg = Release|x64
		{8383B4DF-6934-499E-8CB5-7410A86AE70F}.Release|x64.Build.0 = Release|x64
		{8383B4DF-6934-499E-8CB5-7410A86AE70F}.Release|x86.ActiveCfg = Release|Win32
		{8383B4DF-6934-499E-8CB5-7410A86AE70F}.Release|x86.Build.0 = Release|Win32
	EndGlobalSection
	GlobalSection(SolutionProperties) = preSolution
		HideSolutionNode = FALSE
	EndGlobalSection
	GlobalSection(ExtensibilityGlobals) = postSolution
		SolutionGuid = {DF277E58-5523-485C-BB28-AB869C94F67C}
	EndGlobalSection
EndGlobal
