
Microsoft Visual Studio Solution File, Format Version 12.00
# Visual Studio Version 16
VisualStudioVersion = 16.0.31829.152
MinimumVisualStudioVersion = 10.0.40219.1
Project("{FAE04EC0-301F-11D3-BF4B-00C04F79EFBC}") = "ArrayTask6", "ArrayTask6.csproj", "{DB32DFBD-EA42-4A98-A83A-0544627BD4ED}"
EndProject
Global
	GlobalSection(SolutionConfigurationPlatforms) = preSolution
		Debug|Any CPU = Debug|Any CPU
		Release|Any CPU = Release|Any CPU
	EndGlobalSection
	GlobalSection(ProjectConfigurationPlatforms) = postSolution
		{DB32DFBD-EA42-4A98-A83A-0544627BD4ED}.Debug|Any CPU.ActiveCfg = Debug|Any CPU
		{DB32DFBD-EA42-4A98-A83A-0544627BD4ED}.Debug|Any CPU.Build.0 = Debug|Any CPU
		{DB32DFBD-EA42-4A98-A83A-0544627BD4ED}.Release|Any CPU.ActiveCfg = Release|Any CPU
		{DB32DFBD-EA42-4A98-A83A-0544627BD4ED}.Release|Any CPU.Build.0 = Release|Any CPU
	EndGlobalSection
	GlobalSection(SolutionProperties) = preSolution
		HideSolutionNode = FALSE
	EndGlobalSection
	GlobalSection(ExtensibilityGlobals) = postSolution
		SolutionGuid = {6FE4F208-55F5-4B2D-9644-0A5150B4A450}
	EndGlobalSection
EndGlobal
