
Microsoft Visual Studio Solution File, Format Version 12.00
# Visual Studio Version 16
VisualStudioVersion = 16.0.31829.152
MinimumVisualStudioVersion = 10.0.40219.1
Project("{FAE04EC0-301F-11D3-BF4B-00C04F79EFBC}") = "Lab10c", "Lab10c.csproj", "{0A4D3925-25F0-4434-BB85-FBBF3091A684}"
EndProject
Global
	GlobalSection(SolutionConfigurationPlatforms) = preSolution
		Debug|Any CPU = Debug|Any CPU
		Release|Any CPU = Release|Any CPU
	EndGlobalSection
	GlobalSection(ProjectConfigurationPlatforms) = postSolution
		{0A4D3925-25F0-4434-BB85-FBBF3091A684}.Debug|Any CPU.ActiveCfg = Debug|Any CPU
		{0A4D3925-25F0-4434-BB85-FBBF3091A684}.Debug|Any CPU.Build.0 = Debug|Any CPU
		{0A4D3925-25F0-4434-BB85-FBBF3091A684}.Release|Any CPU.ActiveCfg = Release|Any CPU
		{0A4D3925-25F0-4434-BB85-FBBF3091A684}.Release|Any CPU.Build.0 = Release|Any CPU
	EndGlobalSection
	GlobalSection(SolutionProperties) = preSolution
		HideSolutionNode = FALSE
	EndGlobalSection
	GlobalSection(ExtensibilityGlobals) = postSolution
		SolutionGuid = {597B20B6-E672-4AF1-88BF-26F536AAA659}
	EndGlobalSection
EndGlobal
